
Microsoft Visual Studio Solution File, Format Version 12.00
# Visual Studio Version 16
VisualStudioVersion = 16.0.31410.223
MinimumVisualStudioVersion = 10.0.40219.1
Project("{2150E333-8FDC-42A3-9474-1A3956D46DE8}") = "Services", "Services", "{CB9538D0-27E9-477D-A23F-F865E97AEDBF}"
EndProject
Project("{2150E333-8FDC-42A3-9474-1A3956D46DE8}") = "Catalog", "Catalog", "{6DA3EF93-70C6-4A82-91AC-0A3A10BC7871}"
EndProject
Project("{FAE04EC0-301F-11D3-BF4B-00C04F79EFBC}") = "Catalog.API", "Services\Catalog\Catalog.API\Catalog.API.csproj", "{5CABF556-D663-4422-9882-89B63E74D636}"
EndProject
Global
	GlobalSection(SolutionConfigurationPlatforms) = preSolution
		Debug|Any CPU = Debug|Any CPU
		Release|Any CPU = Release|Any CPU
	EndGlobalSection
	GlobalSection(ProjectConfigurationPlatforms) = postSolution
		{5CABF556-D663-4422-9882-89B63E74D636}.Debug|Any CPU.ActiveCfg = Debug|Any CPU
		{5CABF556-D663-4422-9882-89B63E74D636}.Debug|Any CPU.Build.0 = Debug|Any CPU
		{5CABF556-D663-4422-9882-89B63E74D636}.Release|Any CPU.ActiveCfg = Release|Any CPU
		{5CABF556-D663-4422-9882-89B63E74D636}.Release|Any CPU.Build.0 = Release|Any CPU
	EndGlobalSection
	GlobalSection(SolutionProperties) = preSolution
		HideSolutionNode = FALSE
	EndGlobalSection
	GlobalSection(NestedProjects) = preSolution
		{6DA3EF93-70C6-4A82-91AC-0A3A10BC7871} = {CB9538D0-27E9-477D-A23F-F865E97AEDBF}
		{5CABF556-D663-4422-9882-89B63E74D636} = {6DA3EF93-70C6-4A82-91AC-0A3A10BC7871}
	EndGlobalSection
	GlobalSection(ExtensibilityGlobals) = postSolution
		SolutionGuid = {173B322E-E993-4D02-A7F3-C3B422147DB1}
	EndGlobalSection
EndGlobal
